
Microsoft Visual Studio Solution File, Format Version 12.00
# Visual Studio Version 16
VisualStudioVersion = 16.0.30621.155
MinimumVisualStudioVersion = 10.0.40219.1
Project("{FAE04EC0-301F-11D3-BF4B-00C04F79EFBC}") = "DomainLayer", "DomainLayer\DomainLayer.csproj", "{33D09702-B712-47E9-BADE-3ECEAB927BBB}"
EndProject
Project("{FAE04EC0-301F-11D3-BF4B-00C04F79EFBC}") = "ServiceLayer", "ServiceLayer\ServiceLayer.csproj", "{9D4ABCE7-0318-429C-AF3B-53960CAD729A}"
EndProject
Global
	GlobalSection(SolutionConfigurationPlatforms) = preSolution
		Debug|Any CPU = Debug|Any CPU
		Release|Any CPU = Release|Any CPU
	EndGlobalSection
	GlobalSection(ProjectConfigurationPlatforms) = postSolution
		{33D09702-B712-47E9-BADE-3ECEAB927BBB}.Debug|Any CPU.ActiveCfg = Debug|Any CPU
		{33D09702-B712-47E9-BADE-3ECEAB927BBB}.Debug|Any CPU.Build.0 = Debug|Any CPU
		{33D09702-B712-47E9-BADE-3ECEAB927BBB}.Release|Any CPU.ActiveCfg = Release|Any CPU
		{33D09702-B712-47E9-BADE-3ECEAB927BBB}.Release|Any CPU.Build.0 = Release|Any CPU
		{9D4ABCE7-0318-429C-AF3B-53960CAD729A}.Debug|Any CPU.ActiveCfg = Debug|Any CPU
		{9D4ABCE7-0318-429C-AF3B-53960CAD729A}.Debug|Any CPU.Build.0 = Debug|Any CPU
		{9D4ABCE7-0318-429C-AF3B-53960CAD729A}.Release|Any CPU.ActiveCfg = Release|Any CPU
		{9D4ABCE7-0318-429C-AF3B-53960CAD729A}.Release|Any CPU.Build.0 = Release|Any CPU
	EndGlobalSection
	GlobalSection(SolutionProperties) = preSolution
		HideSolutionNode = FALSE
	EndGlobalSection
	GlobalSection(ExtensibilityGlobals) = postSolution
		SolutionGuid = {3A9D39BC-5723-43F8-B41E-5A0F79E2DF96}
	EndGlobalSection
EndGlobal
